{
    "_meta": {
        "hash": {
            "sha256": "c180506edaa2e609d9e862e180c0e2b84dc9037d02cab96eee9d6385933cb287"
        },
        "pipfile-spec": 6,
        "requires": {
            "python_version": "3.13"
        },
        "sources": [
            {
                "name": "pypi",
                "url": "https://pypi.org/simple",
                "verify_ssl": true
            }
        ]
    },
    "default": {
        "colorama": {
            "hashes": [
                "sha256:08695f5cb7ed6e0531a20572697297273c47b8cae5a63ffc6d6ed5c201be6e44",
                "sha256:4f1d9991f5acc0ca119f9d443620b77f9d6b33703e51011c16baf57afb285fc6"
            ],
            "markers": "sys_platform == 'win32'",
            "version": "==0.4.6"
        },
        "qrcode": {
            "hashes": [
                "sha256:025ce2b150f7fe4296d116ee9bad455a6643ab4f6e7dce541613a4758cbce347",
                "sha256:9fc05f03305ad27a709eb742cf3097fa19e6f6f93bb9e2f039c0979190f6f1b1"
            ],
            "index": "pypi",
            "markers": "python_version >= '3.9' and python_version < '4.0'",
            "version": "==8.0"
        }
    },
    "develop": {}
}
